
Microsoft Visual Studio Solution File, Format Version 12.00
# Visual Studio Version 17
VisualStudioVersion = 17.14.36212.18 d17.14
MinimumVisualStudioVersion = 10.0.40219.1
Project("{8BC9CEB8-8B4A-11D0-8D11-00A0C91BC942}") = "Project2", "Project2\Project2.vcxproj", "{3D668AE4-E2CE-4DD5-B006-B3F89D0C3E7A}"
EndProject
Global
	GlobalSection(SolutionConfigurationPlatforms) = preSolution
		Debug|x64 = Debug|x64
		Debug|x86 = Debug|x86
		Release|x64 = Release|x64
		Release|x86 = Release|x86
	EndGlobalSection
	GlobalSection(ProjectConfigurationPlatforms) = postSolution
		{3D668AE4-E2CE-4DD5-B006-B3F89D0C3E7A}.Debug|x64.ActiveCfg = Debug|x64
		{3D668AE4-E2CE-4DD5-B006-B3F89D0C3E7A}.Debug|x64.Build.0 = Debug|x64
		{3D668AE4-E2CE-4DD5-B006-B3F89D0C3E7A}.Debug|x86.ActiveCfg = Debug|Win32
		{3D668AE4-E2CE-4DD5-B006-B3F89D0C3E7A}.Debug|x86.Build.0 = Debug|Win32
		{3D668AE4-E2CE-4DD5-B006-B3F89D0C3E7A}.Release|x64.ActiveCfg = Release|x64
		{3D668AE4-E2CE-4DD5-B006-B3F89D0C3E7A}.Release|x64.Build.0 = Release|x64
		{3D668AE4-E2CE-4DD5-B006-B3F89D0C3E7A}.Release|x86.ActiveCfg = Release|Win32
		{3D668AE4-E2CE-4DD5-B006-B3F89D0C3E7A}.Release|x86.Build.0 = Release|Win32
	EndGlobalSection
	GlobalSection(SolutionProperties) = preSolution
		HideSolutionNode = FALSE
	EndGlobalSection
	GlobalSection(ExtensibilityGlobals) = postSolution
		SolutionGuid = {723CF50E-E8C0-4042-B777-AAF5E1B5CD47}
	EndGlobalSection
EndGlobal
